
Microsoft Visual Studio Solution File, Format Version 12.00
# Visual Studio Version 17
VisualStudioVersion = 17.11.35312.102
MinimumVisualStudioVersion = 10.0.40219.1
Project("{FAE04EC0-301F-11D3-BF4B-00C04F79EFBC}") = "ConfigDemo", "ConfigDemo\ConfigDemo.csproj", "{0BF1DDF9-14D4-461D-A214-FAF4F47E6CE8}"
EndProject
Project("{2150E333-8FDC-42A3-9474-1A3956D46DE8}") = "Solution Items", "Solution Items", "{D7370012-79B9-4D2C-A235-B746422BFCE3}"
	ProjectSection(SolutionItems) = preProject
		appsettings.json = appsettings.json
	EndProjectSection
EndProject
Project("{FAE04EC0-301F-11D3-BF4B-00C04F79EFBC}") = "FactoryDemo", "FactoryDemo\FactoryDemo.csproj", "{9C57A692-41A3-44C5-B50A-7FD415D4577C}"
EndProject
Global
	GlobalSection(SolutionConfigurationPlatforms) = preSolution
		Debug|Any CPU = Debug|Any CPU
		Release|Any CPU = Release|Any CPU
	EndGlobalSection
	GlobalSection(ProjectConfigurationPlatforms) = postSolution
		{0BF1DDF9-14D4-461D-A214-FAF4F47E6CE8}.Debug|Any CPU.ActiveCfg = Debug|Any CPU
		{0BF1DDF9-14D4-461D-A214-FAF4F47E6CE8}.Debug|Any CPU.Build.0 = Debug|Any CPU
		{0BF1DDF9-14D4-461D-A214-FAF4F47E6CE8}.Release|Any CPU.ActiveCfg = Release|Any CPU
		{0BF1DDF9-14D4-461D-A214-FAF4F47E6CE8}.Release|Any CPU.Build.0 = Release|Any CPU
		{9C57A692-41A3-44C5-B50A-7FD415D4577C}.Debug|Any CPU.ActiveCfg = Debug|Any CPU
		{9C57A692-41A3-44C5-B50A-7FD415D4577C}.Debug|Any CPU.Build.0 = Debug|Any CPU
		{9C57A692-41A3-44C5-B50A-7FD415D4577C}.Release|Any CPU.ActiveCfg = Release|Any CPU
		{9C57A692-41A3-44C5-B50A-7FD415D4577C}.Release|Any CPU.Build.0 = Release|Any CPU
	EndGlobalSection
	GlobalSection(SolutionProperties) = preSolution
		HideSolutionNode = FALSE
	EndGlobalSection
	GlobalSection(ExtensibilityGlobals) = postSolution
		SolutionGuid = {B8AB939B-2D7B-4D8E-8B47-51B62D201540}
	EndGlobalSection
EndGlobal
